// !$*UTF8*$!
{
	archiveVersion = 1;
	classes = {
	};
	objectVersion = 46;
	objects = {

/* Begin PBXBuildFile section */
		1F4207131BD89D4A004A1D87 /* AppDelegate.swift in Sources */ = {isa = PBXBuildFile; fileRef = 1F4207121BD89D4A004A1D87 /* AppDelegate.swift */; };
		1F4207151BD89D4A004A1D87 /* ViewController.swift in Sources */ = {isa = PBXBuildFile; fileRef = 1F4207141BD89D4A004A1D87 /* ViewController.swift */; };
		1F4207181BD89D4A004A1D87 /* Main.storyboard in Resources */ = {isa = PBXBuildFile; fileRef = 1F4207161BD89D4A004A1D87 /* Main.storyboard */; };
		1F42071A1BD89D4A004A1D87 /* Assets.xcassets in Resources */ = {isa = PBXBuildFile; fileRef = 1F4207191BD89D4A004A1D87 /* Assets.xcassets */; };
		1F42071D1BD89D4A004A1D87 /* LaunchScreen.storyboard in Resources */ = {isa = PBXBuildFile; fileRef = 1F42071B1BD89D4A004A1D87 /* LaunchScreen.storyboard */; };
		1F4207281BD89D4A004A1D87 /* SuperCoolTests.swift in Sources */ = {isa = PBXBuildFile; fileRef = 1F4207271BD89D4A004A1D87 /* SuperCoolTests.swift */; };
		1F4207331BD89D4B004A1D87 /* SuperCoolUITests.swift in Sources */ = {isa = PBXBuildFile; fileRef = 1F4207321BD89D4B004A1D87 /* SuperCoolUITests.swift */; };
/* End PBXBuildFile section */

/* Begin PBXContainerItemProxy section */
		1F4207241BD89D4A004A1D87 /* PBXContainerItemProxy */ = {
			isa = PBXContainerItemProxy;
			containerPortal = 1F4207071BD89D4A004A1D87 /* Project object */;
			proxyType = 1;
			remoteGlobalIDString = 1F42070E1BD89D4A004A1D87;
			remoteInfo = SuperCool;
		};
		1F42072F1BD89D4B004A1D87 /* PBXContainerItemProxy */ = {
			isa = PBXContainerItemProxy;
			containerPortal = 1F4207071BD89D4A004A1D87 /* Project object */;
			proxyType = 1;
			remoteGlobalIDString = 1F42070E1BD89D4A004A1D87;
			remoteInfo = SuperCool;
		};
/* End PBXContainerItemProxy section */

/* Begin PBXFileReference section */
		1F42070F1BD89D4A004A1D87 /* SuperCool.app */ = {isa = PBXFileReference; explicitFileType = wrapper.application; includeInIndex = 0; path = SuperCool.app; sourceTree = BUILT_PRODUCTS_DIR; };
		1F4207121BD89D4A004A1D87 /* AppDelegate.swift */ = {isa = PBXFileReference; lastKnownFileType = sourcecode.swift; path = AppDelegate.swift; sourceTree = "<group>"; };
		1F4207141BD89D4A004A1D87 /* ViewController.swift */ = {isa = PBXFileReference; lastKnownFileType = sourcecode.swift; path = ViewController.swift; sourceTree = "<group>"; };
		1F4207171BD89D4A004A1D87 /* Base */ = {isa = PBXFileReference; lastKnownFileType = file.storyboard; name = Base; path = Base.lproj/Main.storyboard; sourceTree = "<group>"; };
		1F4207191BD89D4A004A1D87 /* Assets.xcassets */ = {isa = PBXFileReference; lastKnownFileType = folder.assetcatalog; path = Assets.xcassets; sourceTree = "<group>"; };
		1F42071C1BD89D4A004A1D87 /* Base */ = {isa = PBXFileReference; lastKnownFileType = file.storyboard; name = Base; path = Base.lproj/LaunchScreen.storyboard; sourceTree = "<group>"; };
		1F42071E1BD89D4A004A1D87 /* Info.plist */ = {isa = PBXFileReference; lastKnownFileType = text.plist.xml; path = Info.plist; sourceTree = "<group>"; };
		1F4207231BD89D4A004A1D87 /* SuperCoolTests.xctest */ = {isa = PBXFileReference; explicitFileType = wrapper.cfbundle; includeInIndex = 0; path = SuperCoolTests.xctest; sourceTree = BUILT_PRODUCTS_DIR; };
		1F4207271BD89D4A004A1D87 /* SuperCoolTests.swift */ = {isa = PBXFileReference; lastKnownFileType = sourcecode.swift; path = SuperCoolTests.swift; sourceTree = "<group>"; };
		1F4207291BD89D4A004A1D87 /* Info.plist */ = {isa = PBXFileReference; lastKnownFileType = text.plist.xml; path = Info.plist; sourceTree = "<group>"; };
		1F42072E1BD89D4B004A1D87 /* SuperCoolUITests.xctest */ = {isa = PBXFileReference; explicitFileType = wrapper.cfbundle; includeInIndex = 0; path = SuperCoolUITests.xctest; sourceTree = BUILT_PRODUCTS_DIR; };
		1F4207321BD89D4B004A1D87 /* SuperCoolUITests.swift */ = {isa = PBXFileReference; lastKnownFileType = sourcecode.swift; path = SuperCoolUITests.swift; sourceTree = "<group>"; };
		1F4207341BD89D4B004A1D87 /* Info.plist */ = {isa = PBXFileReference; lastKnownFileType = text.plist.xml; path = Info.plist; sourceTree = "<group>"; };
/* End PBXFileReference section */

/* Begin PBXFrameworksBuildPhase section */
		1F42070C1BD89D4A004A1D87 /* Frameworks */ = {
			isa = PBXFrameworksBuildPhase;
			buildActionMask = 2147483647;
			files = (
			);
			runOnlyForDeploymentPostprocessing = 0;
		};
		1F4207201BD89D4A004A1D87 /* Frameworks */ = {
			isa = PBXFrameworksBuildPhase;
			buildActionMask = 2147483647;
			files = (
			);
			runOnlyForDeploymentPostprocessing = 0;
		};
		1F42072B1BD89D4A004A1D87 /* Frameworks */ = {
			isa = PBXFrameworksBuildPhase;
			buildActionMask = 2147483647;
			files = (
			);
			runOnlyForDeploymentPostprocessing = 0;
		};
/* End PBXFrameworksBuildPhase section */

/* Begin PBXGroup section */
		1F4207061BD89D4A004A1D87 = {
			isa = PBXGroup;
			children = (
				1F4207111BD89D4A004A1D87 /* SuperCool */,
				1F4207261BD89D4A004A1D87 /* SuperCoolTests */,
				1F4207311BD89D4B004A1D87 /* SuperCoolUITests */,
				1F4207101BD89D4A004A1D87 /* Products */,
			);
			sourceTree = "<group>";
		};
		1F4207101BD89D4A004A1D87 /* Products */ = {
			isa = PBXGroup;
			children = (
				1F42070F1BD89D4A004A1D87 /* SuperCool.app */,
				1F4207231BD89D4A004A1D87 /* SuperCoolTests.xctest */,
				1F42072E1BD89D4B004A1D87 /* SuperCoolUITests.xctest */,
			);
			name = Products;
			sourceTree = "<group>";
		};
		1F4207111BD89D4A004A1D87 /* SuperCool */ = {
			isa = PBXGroup;
			children = (
				1F4207121BD89D4A004A1D87 /* AppDelegate.swift */,
				1F4207141BD89D4A004A1D87 /* ViewController.swift */,
				1F4207161BD89D4A004A1D87 /* Main.storyboard */,
				1F4207191BD89D4A004A1D87 /* Assets.xcassets */,
				1F42071B1BD89D4A004A1D87 /* LaunchScreen.storyboard */,
				1F42071E1BD89D4A004A1D87 /* Info.plist */,
			);
			path = SuperCool;
			sourceTree = "<group>";
		};
		1F4207261BD89D4A004A1D87 /* SuperCoolTests */ = {
			isa = PBXGroup;
			children = (
				1F4207271BD89D4A004A1D87 /* SuperCoolTests.swift */,
				1F4207291BD89D4A004A1D87 /* Info.plist */,
			);
			path = SuperCoolTests;
			sourceTree = "<group>";
		};
		1F4207311BD89D4B004A1D87 /* SuperCoolUITests */ = {
			isa = PBXGroup;
			children = (
				1F4207321BD89D4B004A1D87 /* SuperCoolUITests.swift */,
				1F4207341BD89D4B004A1D87 /* Info.plist */,
			);
			path = SuperCoolUITests;
			sourceTree = "<group>";
		};
/* End PBXGroup section */

/* Begin PBXNativeTarget section */
		1F42070E1BD89D4A004A1D87 /* SuperCool */ = {
			isa = PBXNativeTarget;
			buildConfigurationList = 1F4207371BD89D4B004A1D87 /* Build configuration list for PBXNativeTarget "SuperCool" */;
			buildPhases = (
				1F42070B1BD89D4A004A1D87 /* Sources */,
				1F42070C1BD89D4A004A1D87 /* Frameworks */,
				1F42070D1BD89D4A004A1D87 /* Resources */,
			);
			buildRules = (
			);
			dependencies = (
			);
			name = SuperCool;
			productName = SuperCool;
			productReference = 1F42070F1BD89D4A004A1D87 /* SuperCool.app */;
			productType = "com.apple.product-type.application";
		};
		1F4207221BD89D4A004A1D87 /* SuperCoolTests */ = {
			isa = PBXNativeTarget;
			buildConfigurationList = 1F42073A1BD89D4B004A1D87 /* Build configuration list for PBXNativeTarget "SuperCoolTests" */;
			buildPhases = (
				1F42071F1BD89D4A004A1D87 /* Sources */,
				1F4207201BD89D4A004A1D87 /* Frameworks */,
				1F4207211BD89D4A004A1D87 /* Resources */,
			);
			buildRules = (
			);
			dependencies = (
				1F4207251BD89D4A004A1D87 /* PBXTargetDependency */,
			);
			name = SuperCoolTests;
			productName = SuperCoolTests;
			productReference = 1F4207231BD89D4A004A1D87 /* SuperCoolTests.xctest */;
			productType = "com.apple.product-type.bundle.unit-test";
		};
		1F42072D1BD89D4A004A1D87 /* SuperCoolUITests */ = {
			isa = PBXNativeTarget;
			buildConfigurationList = 1F42073D1BD89D4B004A1D87 /* Build configuration list for PBXNativeTarget "SuperCoolUITests" */;
			buildPhases = (
				1F42072A1BD89D4A004A1D87 /* Sources */,
				1F42072B1BD89D4A004A1D87 /* Frameworks */,
				1F42072C1BD89D4A004A1D87 /* Resources */,
			);
			buildRules = (
			);
			dependencies = (
				1F4207301BD89D4B004A1D87 /* PBXTargetDependency */,
			);
			name = SuperCoolUITests;
			productName = SuperCoolUITests;
			productReference = 1F42072E1BD89D4B004A1D87 /* SuperCoolUITests.xctest */;
			productType = "com.apple.product-type.bundle.ui-testing";
		};
/* End PBXNativeTarget section */

/* Begin PBXProject section */
		1F4207071BD89D4A004A1D87 /* Project object */ = {
			isa = PBXProject;
			attributes = {
				LastUpgradeCheck = 0700;
				ORGANIZATIONNAME = "LUCKY SEVEN GAMES";
				TargetAttributes = {
					1F42070E1BD89D4A004A1D87 = {
						CreatedOnToolsVersion = 7.0.1;
					};
					1F4207221BD89D4A004A1D87 = {
						CreatedOnToolsVersion = 7.0.1;
						TestTargetID = 1F42070E1BD89D4A004A1D87;
					};
					1F42072D1BD89D4A004A1D87 = {
						CreatedOnToolsVersion = 7.0.1;
						TestTargetID = 1F42070E1BD89D4A004A1D87;
					};
				};
			};
			buildConfigurationList = 1F42070A1BD89D4A004A1D87 /* Build configuration list for PBXProject "SuperCool" */;
			compatibilityVersion = "Xcode 3.2";
			developmentRegion = English;
			hasScannedForEncodings = 0;
			knownRegions = (
				en,
				Base,
			);
			mainGroup = 1F4207061BD89D4A004A1D87;
			productRefGroup = 1F4207101BD89D4A004A1D87 /* Products */;
			projectDirPath = "";
			projectRoot = "";
			targets = (
				1F42070E1BD89D4A004A1D87 /* SuperCool */,
				1F4207221BD89D4A004A1D87 /* SuperCoolTests */,
				1F42072D1BD89D4A004A1D87 /* SuperCoolUITests */,
			);
		};
/* End PBXProject section */

/* Begin PBXResourcesBuildPhase section */
		1F42070D1BD89D4A004A1D87 /* Resources */ = {
			isa = PBXResourcesBuildPhase;
			buildActionMask = 2147483647;
			files = (
				1F42071D1BD89D4A004A1D87 /* LaunchScreen.storyboard in Resources */,
				1F42071A1BD89D4A004A1D87 /* Assets.xcassets in Resources */,
				1F4207181BD89D4A004A1D87 /* Main.storyboard in Resources */,
			);
			runOnlyForDeploymentPostprocessing = 0;
		};
		1F4207211BD89D4A004A1D87 /* Resources */ = {
			isa = PBXResourcesBuildPhase;
			buildActionMask = 2147483647;
			files = (
			);
			runOnlyForDeploymentPostprocessing = 0;
		};
		1F42072C1BD89D4A004A1D87 /* Resources */ = {
			isa = PBXResourcesBuildPhase;
			buildActionMask = 2147483647;
			files = (
			);
			runOnlyForDeploymentPostprocessing = 0;
		};
/* End PBXResourcesBuildPhase section */

/* Begin PBXSourcesBuildPhase section */
		1F42070B1BD89D4A004A1D87 /* Sources */ = {
			isa = PBXSourcesBuildPhase;
			buildActionMask = 2147483647;
			files = (
				1F4207151BD89D4A004A1D87 /* ViewController.swift in Sources */,
				1F4207131BD89D4A004A1D87 /* AppDelegate.swift in Sources */,
			);
			runOnlyForDeploymentPostprocessing = 0;
		};
		1F42071F1BD89D4A004A1D87 /* Sources */ = {
			isa = PBXSourcesBuildPhase;
			buildActionMask = 2147483647;
			files = (
				1F4207281BD89D4A004A1D87 /* SuperCoolTests.swift in Sources */,
			);
			runOnlyForDeploymentPostprocessing = 0;
		};
		1F42072A1BD89D4A004A1D87 /* Sources */ = {
			isa = PBXSourcesBuildPhase;
			buildActionMask = 2147483647;
			files = (
				1F4207331BD89D4B004A1D87 /* SuperCoolUITests.swift in Sources */,
			);
			runOnlyForDeploymentPostprocessing = 0;
		};
/* End PBXSourcesBuildPhase section */

/* Begin PBXTargetDependency section */
		1F4207251BD89D4A004A1D87 /* PBXTargetDependency */ = {
			isa = PBXTargetDependency;
			target = 1F42070E1BD89D4A004A1D87 /* SuperCool */;
			targetProxy = 1F4207241BD89D4A004A1D87 /* PBXContainerItemProxy */;
		};
		1F4207301BD89D4B004A1D87 /* PBXTargetDependency */ = {
			isa = PBXTargetDependency;
			target = 1F42070E1BD89D4A004A1D87 /* SuperCool */;
			targetProxy = 1F42072F1BD89D4B004A1D87 /* PBXContainerItemProxy */;
		};
/* End PBXTargetDependency section */

/* Begin PBXVariantGroup section */
		1F4207161BD89D4A004A1D87 /* Main.storyboard */ = {
			isa = PBXVariantGroup;
			children = (
				1F4207171BD89D4A004A1D87 /* Base */,
			);
			name = Main.storyboard;
			sourceTree = "<group>";
		};
		1F42071B1BD89D4A004A1D87 /* LaunchScreen.storyboard */ = {
			isa = PBXVariantGroup;
			children = (
				1F42071C1BD89D4A004A1D87 /* Base */,
			);
			name = LaunchScreen.storyboard;
			sourceTree = "<group>";
		};
/* End PBXVariantGroup section */

/* Begin XCBuildConfiguration section */
		1F4207351BD89D4B004A1D87 /* Debug */ = {
			isa = XCBuildConfiguration;
			buildSettings = {
				ALWAYS_SEARCH_USER_PATHS = NO;
				CLANG_CXX_LANGUAGE_STANDARD = "gnu++0x";
				CLANG_CXX_LIBRARY = "libc++";
				CLANG_ENABLE_MODULES = YES;
				CLANG_ENABLE_OBJC_ARC = YES;
				CLANG_WARN_BOOL_CONVERSION = YES;
				CLANG_WARN_CONSTANT_CONVERSION = YES;
				CLANG_WARN_DIRECT_OBJC_ISA_USAGE = YES_ERROR;
				CLANG_WARN_EMPTY_BODY = YES;
				CLANG_WARN_ENUM_CONVERSION = YES;
				CLANG_WARN_INT_CONVERSION = YES;
				CLANG_WARN_OBJC_ROOT_CLASS = YES_ERROR;
				CLANG_WARN_UNREACHABLE_CODE = YES;
				CLANG_WARN__DUPLICATE_METHOD_MATCH = YES;
				"CODE_SIGN_IDENTITY[sdk=iphoneos*]" = "iPhone Developer";
				COPY_PHASE_STRIP = NO;
				DEBUG_INFORMATION_FORMAT = dwarf;
				ENABLE_STRICT_OBJC_MSGSEND = YES;
				ENABLE_TESTABILITY = YES;
				GCC_C_LANGUAGE_STANDARD = gnu99;
				GCC_DYNAMIC_NO_PIC = NO;
				GCC_NO_COMMON_BLOCKS = YES;
				GCC_OPTIMIZATION_LEVEL = 0;
				GCC_PREPROCESSOR_DEFINITIONS = (
					"DEBUG=1",
					"$(inherited)",
				);
				GCC_WARN_64_TO_32_BIT_CONVERSION = YES;
				GCC_WARN_ABOUT_RETURN_TYPE = YES_ERROR;
				GCC_WARN_UNDECLARED_SELECTOR = YES;
				GCC_WARN_UNINITIALIZED_AUTOS = YES_AGGRESSIVE;
				GCC_WARN_UNUSED_FUNCTION = YES;
				GCC_WARN_UNUSED_VARIABLE = YES;
				IPHONEOS_DEPLOYMENT_TARGET = 9.0;
				MTL_ENABLE_DEBUG_INFO = YES;
				ONLY_ACTIVE_ARCH = YES;
				SDKROOT = iphoneos;
				SWIFT_OPTIMIZATION_LEVEL = "-Onone";
			};
			name = Debug;
		};
		1F4207361BD89D4B004A1D87 /* Release */ = {
			isa = XCBuildConfiguration;
			buildSettings = {
				ALWAYS_SEARCH_USER_PATHS = NO;
				CLANG_CXX_LANGUAGE_STANDARD = "gnu++0x";
				CLANG_CXX_LIBRARY = "libc++";
				CLANG_ENABLE_MODULES = YES;
				CLANG_ENABLE_OBJC_ARC = YES;
				CLANG_WARN_BOOL_CONVERSION = YES;
				CLANG_WARN_CONSTANT_CONVERSION = YES;
				CLANG_WARN_DIRECT_OBJC_ISA_USAGE = YES_ERROR;
				CLANG_WARN_EMPTY_BODY = YES;
				CLANG_WARN_ENUM_CONVERSION = YES;
				CLANG_WARN_INT_CONVERSION = YES;
				CLANG_WARN_OBJC_ROOT_CLASS = YES_ERROR;
				CLANG_WARN_UNREACHABLE_CODE = YES;
				CLANG_WARN__DUPLICATE_METHOD_MATCH = YES;
				"CODE_SIGN_IDENTITY[sdk=iphoneos*]" = "iPhone Developer";
				COPY_PHASE_STRIP = NO;
				DEBUG_INFORMATION_FORMAT = "dwarf-with-dsym";
				ENABLE_NS_ASSERTIONS = NO;
				ENABLE_STRICT_OBJC_MSGSEND = YES;
				GCC_C_LANGUAGE_STANDARD = gnu99;
				GCC_NO_COMMON_BLOCKS = YES;
				GCC_WARN_64_TO_32_BIT_CONVERSION = YES;
				GCC_WARN_ABOUT_RETURN_TYPE = YES_ERROR;
				GCC_WARN_UNDECLARED_SELECTOR = YES;
				GCC_WARN_UNINITIALIZED_AUTOS = YES_AGGRESSIVE;
				GCC_WARN_UNUSED_FUNCTION = YES;
				GCC_WARN_UNUSED_VARIABLE = YES;
				IPHONEOS_DEPLOYMENT_TARGET = 9.0;
				MTL_ENABLE_DEBUG_INFO = NO;
				SDKROOT = iphoneos;
				VALIDATE_PRODUCT = YES;
			};
			name = Release;
		};
		1F4207381BD89D4B004A1D87 /* Debug */ = {
			isa = XCBuildConfiguration;
			buildSettings = {
				ASSETCATALOG_COMPILER_APPICON_NAME = AppIcon;
				INFOPLIST_FILE = SuperCool/Info.plist;
				LD_RUNPATH_SEARCH_PATHS = "$(inherited) @executable_path/Frameworks";
				PRODUCT_BUNDLE_IDENTIFIER = com.samnang.SuperCool;
				PRODUCT_NAME = "$(TARGET_NAME)";
			};
			name = Debug;
		};
		1F4207391BD89D4B004A1D87 /* Release */ = {
			isa = XCBuildConfiguration;
			buildSettings = {
				ASSETCATALOG_COMPILER_APPICON_NAME = AppIcon;
				INFOPLIST_FILE = SuperCool/Info.plist;
				LD_RUNPATH_SEARCH_PATHS = "$(inherited) @executable_path/Frameworks";
				PRODUCT_BUNDLE_IDENTIFIER = com.samnang.SuperCool;
				PRODUCT_NAME = "$(TARGET_NAME)";
			};
			name = Release;
		};
		1F42073B1BD89D4B004A1D87 /* Debug */ = {
			isa = XCBuildConfiguration;
			buildSettings = {
				BUNDLE_LOADER = "$(TEST_HOST)";
				INFOPLIST_FILE = SuperCoolTests/Info.plist;
				LD_RUNPATH_SEARCH_PATHS = "$(inherited) @executable_path/Frameworks @loader_path/Frameworks";
				PRODUCT_BUNDLE_IDENTIFIER = com.samnang.SuperCoolTests;
				PRODUCT_NAME = "$(TARGET_NAME)";
				TEST_HOST = "$(BUILT_PRODUCTS_DIR)/SuperCool.app/SuperCool";
			};
			name = Debug;
		};
		1F42073C1BD89D4B004A1D87 /* Release */ = {
			isa = XCBuildConfiguration;
			buildSettings = {
				BUNDLE_LOADER = "$(TEST_HOST)";
				INFOPLIST_FILE = SuperCoolTests/Info.plist;
				LD_RUNPATH_SEARCH_PATHS = "$(inherited) @executable_path/Frameworks @loader_path/Frameworks";
				PRODUCT_BUNDLE_IDENTIFIER = com.samnang.SuperCoolTests;
				PRODUCT_NAME = "$(TARGET_NAME)";
				TEST_HOST = "$(BUILT_PRODUCTS_DIR)/SuperCool.app/SuperCool";
			};
			name = Release;
		};
		1F42073E1BD89D4B004A1D87 /* Debug */ = {
			isa = XCBuildConfiguration;
			buildSettings = {
				INFOPLIST_FILE = SuperCoolUITests/Info.plist;
				LD_RUNPATH_SEARCH_PATHS = "$(inherited) @executable_path/Frameworks @loader_path/Frameworks";
				PRODUCT_BUNDLE_IDENTIFIER = com.samnang.SuperCoolUITests;
				PRODUCT_NAME = "$(TARGET_NAME)";
				TEST_TARGET_NAME = SuperCool;
				USES_XCTRUNNER = YES;
			};
			name = Debug;
		};
		1F42073F1BD89D4B004A1D87 /* Release */ = {
			isa = XCBuildConfiguration;
			buildSettings = {
				INFOPLIST_FILE = SuperCoolUITests/Info.plist;
				LD_RUNPATH_SEARCH_PATHS = "$(inherited) @executable_path/Frameworks @loader_path/Frameworks";
				PRODUCT_BUNDLE_IDENTIFIER = com.samnang.SuperCoolUITests;
				PRODUCT_NAME = "$(TARGET_NAME)";
				TEST_TARGET_NAME = SuperCool;
				USES_XCTRUNNER = YES;
			};
			name = Release;
		};
/* End XCBuildConfiguration section */

/* Begin XCConfigurationList section */
		1F42070A1BD89D4A004A1D87 /* Build configuration list for PBXProject "SuperCool" */ = {
			isa = XCConfigurationList;
			buildConfigurations = (
				1F4207351BD89D4B004A1D87 /* Debug */,
				1F4207361BD89D4B004A1D87 /* Release */,
			);
			defaultConfigurationIsVisible = 0;
			defaultConfigurationName = Release;
		};
		1F4207371BD89D4B004A1D87 /* Build configuration list for PBXNativeTarget "SuperCool" */ = {
			isa = XCConfigurationList;
			buildConfigurations = (
				1F4207381BD89D4B004A1D87 /* Debug */,
				1F4207391BD89D4B004A1D87 /* Release */,
			);
			defaultConfigurationIsVisible = 0;
		};
		1F42073A1BD89D4B004A1D87 /* Build configuration list for PBXNativeTarget "SuperCoolTests" */ = {
			isa = XCConfigurationList;
			buildConfigurations = (
				1F42073B1BD89D4B004A1D87 /* Debug */,
				1F42073C1BD89D4B004A1D87 /* Release */,
			);
			defaultConfigurationIsVisible = 0;
		};
		1F42073D1BD89D4B004A1D87 /* Build configuration list for PBXNativeTarget "SuperCoolUITests" */ = {
			isa = XCConfigurationList;
			buildConfigurations = (
				1F42073E1BD89D4B004A1D87 /* Debug */,
				1F42073F1BD89D4B004A1D87 /* Release */,
			);
			defaultConfigurationIsVisible = 0;
		};
/* End XCConfigurationList section */
	};
	rootObject = 1F4207071BD89D4A004A1D87 /* Project object */;
}
